<?xml version="1.0" encoding="utf-8"?>
<Project ToolsVersion="4.0" xmlns="http://schemas.microsoft.com/developer/msbuild/2003">
  <ItemGroup>
    <Filter Include="Source Files">
      <UniqueIdentifier>{4FC737F1-C7A5-4376-A066-2A32D752A2FF}</UniqueIdentifier>
      <Extensions>cpp;c;cc;cxx;def;odl;idl;hpj;bat;asm;asmx</Extensions>
    </Filter>
    <Filter Include="Header Files">
      <UniqueIdentifier>{93995380-89BD-4b04-88EB-625FBE52EBFB}</UniqueIdentifier>
      <Extensions>h;hh;hpp;hxx;hm;inl;inc;xsd</Extensions>
    </Filter>
    <Filter Include="Resource Files">
      <UniqueIdentifier>{67DA6AB6-F800-4c08-8B7A-83BB121AAD01}</UniqueIdentifier>
      <Extensions>rc;ico;cur;bmp;dlg;rc2;rct;bin;rgs;gif;jpg;jpeg;jpe;resx;tiff;tif;png;wav;mfcribbon-ms</Extensions>
    </Filter>
    <Filter Include="Shaders">
      <UniqueIdentifier>{12de0363-d75b-4f29-bd10-e8b9832dd449}</UniqueIdentifier>
    </Filter>
  </ItemGroup>
  <ItemGroup>
    <ClCompile Include="main.cpp">
      <Filter>Source Files</Filter>
    </ClCompile>
    <ClCompile Include="imgui.cpp">
      <Filter>Source Files</Filter>
    </ClCompile>
    <ClCompile Include="imguiGraph.cpp">
      <Filter>Source Files</Filter>
    </ClCompile>
    <ClCompile Include="loader.cpp">
      <Filter>Source Files</Filter>
    </ClCompile>
    <ClCompile Include="imguiGraphLoader.cpp">
      <Filter>Source Files</Filter>
    </ClCompile>
    <ClCompile Include="NvFlowInteropLoader.cpp">
      <Filter>Source Files</Filter>
    </ClCompile>
    <ClCompile Include="bitmap.cpp">
      <Filter>Source Files</Filter>
    </ClCompile>
    <ClCompile Include="sceneSimpleFlame.cpp">
      <Filter>Source Files</Filter>
    </ClCompile>
    <ClCompile Include="scene2DTextureEmitter.cpp">
      <Filter>Source Files</Filter>
    </ClCompile>
    <ClCompile Include="mesh.cpp">
      <Filter>Source Files</Filter>
    </ClCompile>
    <ClCompile Include="meshLoader.cpp">
      <Filter>Source Files</Filter>
    </ClCompile>
    <ClCompile Include="appGraphCtxLoader.cpp">
      <Filter>Source Files</Filter>
    </ClCompile>
    <ClCompile Include="sceneSDF.cpp">
      <Filter>Source Files</Filter>
    </ClCompile>
    <ClCompile Include="curveEditor.cpp">
      <Filter>Source Files</Filter>
    </ClCompile>
    <ClCompile Include="imguiser.cpp">
      <Filter>Source Files</Filter>
    </ClCompile>
    <ClCompile Include="scene.cpp">
      <Filter>Source Files</Filter>
    </ClCompile>
    <ClCompile Include="computeContextLoader.cpp">
      <Filter>Source Files</Filter>
    </ClCompile>
    <ClCompile Include="sceneSimpleSmoke.cpp">
      <Filter>Source Files</Filter>
    </ClCompile>
    <ClCompile Include="sceneCustomEmit.cpp">
      <Filter>Source Files</Filter>
    </ClCompile>
    <ClCompile Include="sceneFlow.cpp">
      <Filter>Source Files</Filter>
    </ClCompile>
  </ItemGroup>
  <ItemGroup>
    <Manifest Include="app.manifest">
      <Filter>Resource Files</Filter>
    </Manifest>
  </ItemGroup>
  <ItemGroup>
    <ClInclude Include="appGraphCtx.h">
      <Filter>Header Files</Filter>
    </ClInclude>
    <ClInclude Include="scene.h">
      <Filter>Header Files</Filter>
    </ClInclude>
    <ClInclude Include="mesh.h">
      <Filter>Header Files</Filter>
    </ClInclude>
    <ClInclude Include="camera.h">
      <Filter>Header Files</Filter>
    </ClInclude>
    <ClInclude Include="imgui.h">
      <Filter>Header Files</Filter>
    </ClInclude>
    <ClInclude Include="imguiGraph.h">
      <Filter>Header Files</Filter>
    </ClInclude>
    <ClInclude Include="stb_truetype.h">
      <Filter>Header Files</Filter>
    </ClInclude>
    <ClInclude Include="loader.h">
      <Filter>Header Files</Filter>
    </ClInclude>
    <ClInclude Include="NvFlowInterop.h">
      <Filter>Header Files</Filter>
    </ClInclude>
    <ClInclude Include="bitmap.h">
      <Filter>Header Files</Filter>
    </ClInclude>
    <ClInclude Include="meshInterop.h">
      <Filter>Header Files</Filter>
    </ClInclude>
    <ClInclude Include="imguiInterop.h">
      <Filter>Header Files</Filter>
    </ClInclude>
    <ClInclude Include="curveEditor.h">
      <Filter>Header Files</Filter>
    </ClInclude>
    <ClInclude Include="imguiser.h">
      <Filter>Header Files</Filter>
    </ClInclude>
    <ClInclude Include="preset0.h">
      <Filter>Header Files</Filter>
    </ClInclude>
    <ClInclude Include="presetFlame.h">
      <Filter>Header Files</Filter>
    </ClInclude>
    <ClInclude Include="computeContext.h">
      <Filter>Header Files</Filter>
    </ClInclude>
    <ClInclude Include="preset1.h">
      <Filter>Header Files</Filter>
    </ClInclude>
    <ClInclude Include="presetSmoke.h">
      <Filter>Header Files</Filter>
    </ClInclude>
    <ClInclude Include="flowShaderParams.h">
      <Filter>Header Files</Filter>
    </ClInclude>
    <ClInclude Include="presetFireBall.h">
      <Filter>Header Files</Filter>
    </ClInclude>
  </ItemGroup>
  <ItemGroup>
    <FxCompile Include="..\Shaders\customLightingCS.hlsl">
      <Filter>Shaders</Filter>
    </FxCompile>
    <FxCompile Include="..\Shaders\customEmitAllocCS.hlsl">
      <Filter>Shaders</Filter>
    </FxCompile>
    <FxCompile Include="..\Shaders\customEmitEmitCS.hlsl">
      <Filter>Shaders</Filter>
    </FxCompile>
    <FxCompile Include="..\Shaders\customEmitEmit2CS.hlsl">
      <Filter>Shaders</Filter>
    </FxCompile>
  </ItemGroup>
</Project>